
Microsoft Visual Studio Solution File, Format Version 12.00
# Visual Studio Version 17
VisualStudioVersion = 17.11.35312.102
MinimumVisualStudioVersion = 10.0.40219.1
Project("{FAE04EC0-301F-11D3-BF4B-00C04F79EFBC}") = "ERRONKA3", "ERRONKA3\ERRONKA3.csproj", "{64703A03-6884-4F79-BE9D-3939F585F8C8}"
EndProject
Global
	GlobalSection(SolutionConfigurationPlatforms) = preSolution
		Debug|Any CPU = Debug|Any CPU
		Release|Any CPU = Release|Any CPU
	EndGlobalSection
	GlobalSection(ProjectConfigurationPlatforms) = postSolution
		{64703A03-6884-4F79-BE9D-3939F585F8C8}.Debug|Any CPU.ActiveCfg = Debug|Any CPU
		{64703A03-6884-4F79-BE9D-3939F585F8C8}.Debug|Any CPU.Build.0 = Debug|Any CPU
		{64703A03-6884-4F79-BE9D-3939F585F8C8}.Release|Any CPU.ActiveCfg = Release|Any CPU
		{64703A03-6884-4F79-BE9D-3939F585F8C8}.Release|Any CPU.Build.0 = Release|Any CPU
	EndGlobalSection
	GlobalSection(SolutionProperties) = preSolution
		HideSolutionNode = FALSE
	EndGlobalSection
	GlobalSection(ExtensibilityGlobals) = postSolution
		SolutionGuid = {D39B5701-B3EC-4202-BB3C-FD537926EFE7}
	EndGlobalSection
EndGlobal
